
Microsoft Visual Studio Solution File, Format Version 12.00
# Visual Studio Version 17
VisualStudioVersion = 17.4.33103.184
MinimumVisualStudioVersion = 10.0.40219.1
Project("{9A19103F-16F7-4668-BE54-9A1E7A4F7556}") = "CManager.API", "CManager.API\CManager.API.csproj", "{200895F8-05E9-4B34-B512-ACF81AEAE5F2}"
EndProject
Project("{9A19103F-16F7-4668-BE54-9A1E7A4F7556}") = "CManager.Infrastructure", "CManager.Infrastructure\CManager.Infrastructure.csproj", "{819E193D-E2BF-4205-9379-ADBEE8DF1783}"
EndProject
Project("{9A19103F-16F7-4668-BE54-9A1E7A4F7556}") = "CManager.Domain", "CManager.Domain\CManager.Domain.csproj", "{BBC4707F-8AC3-471E-98ED-E1998AA08218}"
EndProject
Project("{9A19103F-16F7-4668-BE54-9A1E7A4F7556}") = "CManager.Application", "CManager.Application\CManager.Application.csproj", "{6C6288C3-3485-48FD-9683-7692FF5247A8}"
EndProject
Project("{9A19103F-16F7-4668-BE54-9A1E7A4F7556}") = "CManager.Integration", "CManager.Integration\CManager.Integration.csproj", "{6B79703F-211F-475B-AFC3-C69A11AD99E2}"
EndProject
Project("{FAE04EC0-301F-11D3-BF4B-00C04F79EFBC}") = "CManager.Tests", "CManager.Tests\CManager.Tests.csproj", "{AF63EA24-5157-430C-A4FF-066A0D4E356C}"
EndProject
Global
	GlobalSection(SolutionConfigurationPlatforms) = preSolution
		Debug|Any CPU = Debug|Any CPU
		Release|Any CPU = Release|Any CPU
	EndGlobalSection
	GlobalSection(ProjectConfigurationPlatforms) = postSolution
		{200895F8-05E9-4B34-B512-ACF81AEAE5F2}.Debug|Any CPU.ActiveCfg = Debug|Any CPU
		{200895F8-05E9-4B34-B512-ACF81AEAE5F2}.Debug|Any CPU.Build.0 = Debug|Any CPU
		{200895F8-05E9-4B34-B512-ACF81AEAE5F2}.Release|Any CPU.ActiveCfg = Release|Any CPU
		{200895F8-05E9-4B34-B512-ACF81AEAE5F2}.Release|Any CPU.Build.0 = Release|Any CPU
		{819E193D-E2BF-4205-9379-ADBEE8DF1783}.Debug|Any CPU.ActiveCfg = Debug|Any CPU
		{819E193D-E2BF-4205-9379-ADBEE8DF1783}.Debug|Any CPU.Build.0 = Debug|Any CPU
		{819E193D-E2BF-4205-9379-ADBEE8DF1783}.Release|Any CPU.ActiveCfg = Release|Any CPU
		{819E193D-E2BF-4205-9379-ADBEE8DF1783}.Release|Any CPU.Build.0 = Release|Any CPU
		{BBC4707F-8AC3-471E-98ED-E1998AA08218}.Debug|Any CPU.ActiveCfg = Debug|Any CPU
		{BBC4707F-8AC3-471E-98ED-E1998AA08218}.Debug|Any CPU.Build.0 = Debug|Any CPU
		{BBC4707F-8AC3-471E-98ED-E1998AA08218}.Release|Any CPU.ActiveCfg = Release|Any CPU
		{BBC4707F-8AC3-471E-98ED-E1998AA08218}.Release|Any CPU.Build.0 = Release|Any CPU
		{6C6288C3-3485-48FD-9683-7692FF5247A8}.Debug|Any CPU.ActiveCfg = Debug|Any CPU
		{6C6288C3-3485-48FD-9683-7692FF5247A8}.Debug|Any CPU.Build.0 = Debug|Any CPU
		{6C6288C3-3485-48FD-9683-7692FF5247A8}.Release|Any CPU.ActiveCfg = Release|Any CPU
		{6C6288C3-3485-48FD-9683-7692FF5247A8}.Release|Any CPU.Build.0 = Release|Any CPU
		{6B79703F-211F-475B-AFC3-C69A11AD99E2}.Debug|Any CPU.ActiveCfg = Debug|Any CPU
		{6B79703F-211F-475B-AFC3-C69A11AD99E2}.Debug|Any CPU.Build.0 = Debug|Any CPU
		{6B79703F-211F-475B-AFC3-C69A11AD99E2}.Release|Any CPU.ActiveCfg = Release|Any CPU
		{6B79703F-211F-475B-AFC3-C69A11AD99E2}.Release|Any CPU.Build.0 = Release|Any CPU
		{AF63EA24-5157-430C-A4FF-066A0D4E356C}.Debug|Any CPU.ActiveCfg = Debug|Any CPU
		{AF63EA24-5157-430C-A4FF-066A0D4E356C}.Debug|Any CPU.Build.0 = Debug|Any CPU
		{AF63EA24-5157-430C-A4FF-066A0D4E356C}.Release|Any CPU.ActiveCfg = Release|Any CPU
		{AF63EA24-5157-430C-A4FF-066A0D4E356C}.Release|Any CPU.Build.0 = Release|Any CPU
	EndGlobalSection
	GlobalSection(SolutionProperties) = preSolution
		HideSolutionNode = FALSE
	EndGlobalSection
	GlobalSection(ExtensibilityGlobals) = postSolution
		SolutionGuid = {2B6F2470-C371-4FBE-B9FA-0CA8D494557A}
	EndGlobalSection
EndGlobal
